// !$*UTF8*$!
{
	archiveVersion = 1;
	classes = {
	};
	objectVersion = 48;
	objects = {

/* Begin PBXBuildFile section */
		4ED29FB520243E31006BF27B /* NbaViewController.swift in Sources */ = {isa = PBXBuildFile; fileRef = 4ED29FB420243E31006BF27B /* NbaViewController.swift */; };
		4ED29FB720243E3C006BF27B /* NflViewController.swift in Sources */ = {isa = PBXBuildFile; fileRef = 4ED29FB620243E3C006BF27B /* NflViewController.swift */; };
		4ED29FB920244105006BF27B /* NbaCell.swift in Sources */ = {isa = PBXBuildFile; fileRef = 4ED29FB820244105006BF27B /* NbaCell.swift */; };
		4ED29FBB20244FB0006BF27B /* NbaCategoriesViewController.swift in Sources */ = {isa = PBXBuildFile; fileRef = 4ED29FBA20244FB0006BF27B /* NbaCategoriesViewController.swift */; };
		4ED29FBF202633D3006BF27B /* NflCategoriesViewController.swift in Sources */ = {isa = PBXBuildFile; fileRef = 4ED29FBE202633D3006BF27B /* NflCategoriesViewController.swift */; };
		4ED29FC1202638FC006BF27B /* NflCell.swift in Sources */ = {isa = PBXBuildFile; fileRef = 4ED29FC0202638FC006BF27B /* NflCell.swift */; };
		4ED56DF02021B7D000A45CAB /* AppDelegate.swift in Sources */ = {isa = PBXBuildFile; fileRef = 4ED56DEF2021B7D000A45CAB /* AppDelegate.swift */; };
		4ED56DF22021B7D000A45CAB /* ViewController.swift in Sources */ = {isa = PBXBuildFile; fileRef = 4ED56DF12021B7D000A45CAB /* ViewController.swift */; };
		4ED56DF52021B7D000A45CAB /* Main.storyboard in Resources */ = {isa = PBXBuildFile; fileRef = 4ED56DF32021B7D000A45CAB /* Main.storyboard */; };
		4ED56DF72021B7D000A45CAB /* Assets.xcassets in Resources */ = {isa = PBXBuildFile; fileRef = 4ED56DF62021B7D000A45CAB /* Assets.xcassets */; };
		4ED56DFA2021B7D000A45CAB /* LaunchScreen.storyboard in Resources */ = {isa = PBXBuildFile; fileRef = 4ED56DF82021B7D000A45CAB /* LaunchScreen.storyboard */; };
/* End PBXBuildFile section */

/* Begin PBXFileReference section */
		4ED29FB420243E31006BF27B /* NbaViewController.swift */ = {isa = PBXFileReference; lastKnownFileType = sourcecode.swift; path = NbaViewController.swift; sourceTree = "<group>"; };
		4ED29FB620243E3C006BF27B /* NflViewController.swift */ = {isa = PBXFileReference; lastKnownFileType = sourcecode.swift; path = NflViewController.swift; sourceTree = "<group>"; };
		4ED29FB820244105006BF27B /* NbaCell.swift */ = {isa = PBXFileReference; lastKnownFileType = sourcecode.swift; path = NbaCell.swift; sourceTree = "<group>"; };
		4ED29FBA20244FB0006BF27B /* NbaCategoriesViewController.swift */ = {isa = PBXFileReference; lastKnownFileType = sourcecode.swift; path = NbaCategoriesViewController.swift; sourceTree = "<group>"; };
		4ED29FBE202633D3006BF27B /* NflCategoriesViewController.swift */ = {isa = PBXFileReference; lastKnownFileType = sourcecode.swift; path = NflCategoriesViewController.swift; sourceTree = "<group>"; };
		4ED29FC0202638FC006BF27B /* NflCell.swift */ = {isa = PBXFileReference; lastKnownFileType = sourcecode.swift; path = NflCell.swift; sourceTree = "<group>"; };
		4ED56DEC2021B7D000A45CAB /* All-Time.app */ = {isa = PBXFileReference; explicitFileType = wrapper.application; includeInIndex = 0; path = "All-Time.app"; sourceTree = BUILT_PRODUCTS_DIR; };
		4ED56DEF2021B7D000A45CAB /* AppDelegate.swift */ = {isa = PBXFileReference; lastKnownFileType = sourcecode.swift; path = AppDelegate.swift; sourceTree = "<group>"; };
		4ED56DF12021B7D000A45CAB /* ViewController.swift */ = {isa = PBXFileReference; lastKnownFileType = sourcecode.swift; path = ViewController.swift; sourceTree = "<group>"; };
		4ED56DF42021B7D000A45CAB /* Base */ = {isa = PBXFileReference; lastKnownFileType = file.storyboard; name = Base; path = Base.lproj/Main.storyboard; sourceTree = "<group>"; };
		4ED56DF62021B7D000A45CAB /* Assets.xcassets */ = {isa = PBXFileReference; lastKnownFileType = folder.assetcatalog; path = Assets.xcassets; sourceTree = "<group>"; };
		4ED56DF92021B7D000A45CAB /* Base */ = {isa = PBXFileReference; lastKnownFileType = file.storyboard; name = Base; path = Base.lproj/LaunchScreen.storyboard; sourceTree = "<group>"; };
		4ED56DFB2021B7D000A45CAB /* Info.plist */ = {isa = PBXFileReference; lastKnownFileType = text.plist.xml; path = Info.plist; sourceTree = "<group>"; };
/* End PBXFileReference section */

/* Begin PBXFrameworksBuildPhase section */
		4ED56DE92021B7D000A45CAB /* Frameworks */ = {
			isa = PBXFrameworksBuildPhase;
			buildActionMask = 2147483647;
			files = (
			);
			runOnlyForDeploymentPostprocessing = 0;
		};
/* End PBXFrameworksBuildPhase section */

/* Begin PBXGroup section */
		4ED29FB120243DE1006BF27B /* Model */ = {
			isa = PBXGroup;
			children = (
			);
			name = Model;
			sourceTree = "<group>";
		};
		4ED29FB220243DF2006BF27B /* View */ = {
			isa = PBXGroup;
			children = (
				4ED56DF32021B7D000A45CAB /* Main.storyboard */,
				4ED29FB820244105006BF27B /* NbaCell.swift */,
				4ED29FC0202638FC006BF27B /* NflCell.swift */,
			);
			name = View;
			sourceTree = "<group>";
		};
		4ED29FB320243E00006BF27B /* Controller */ = {
			isa = PBXGroup;
			children = (
				4ED29FBD202632A4006BF27B /* NFL */,
				4ED29FBC20244FB9006BF27B /* NBA */,
				4ED56DF12021B7D000A45CAB /* ViewController.swift */,
			);
			name = Controller;
			sourceTree = "<group>";
		};
		4ED29FBC20244FB9006BF27B /* NBA */ = {
			isa = PBXGroup;
			children = (
				4ED29FB420243E31006BF27B /* NbaViewController.swift */,
				4ED29FBA20244FB0006BF27B /* NbaCategoriesViewController.swift */,
			);
			name = NBA;
			sourceTree = "<group>";
		};
		4ED29FBD202632A4006BF27B /* NFL */ = {
			isa = PBXGroup;
			children = (
				4ED29FB620243E3C006BF27B /* NflViewController.swift */,
				4ED29FBE202633D3006BF27B /* NflCategoriesViewController.swift */,
			);
			name = NFL;
			sourceTree = "<group>";
		};
		4ED56DE32021B7D000A45CAB = {
			isa = PBXGroup;
			children = (
				4ED56DEE2021B7D000A45CAB /* All-Time */,
				4ED56DED2021B7D000A45CAB /* Products */,
			);
			sourceTree = "<group>";
		};
		4ED56DED2021B7D000A45CAB /* Products */ = {
			isa = PBXGroup;
			children = (
				4ED56DEC2021B7D000A45CAB /* All-Time.app */,
			);
			name = Products;
			sourceTree = "<group>";
		};
		4ED56DEE2021B7D000A45CAB /* All-Time */ = {
			isa = PBXGroup;
			children = (
				4ED29FB320243E00006BF27B /* Controller */,
				4ED29FB220243DF2006BF27B /* View */,
				4ED29FB120243DE1006BF27B /* Model */,
				4ED56DEF2021B7D000A45CAB /* AppDelegate.swift */,
				4ED56DF62021B7D000A45CAB /* Assets.xcassets */,
				4ED56DF82021B7D000A45CAB /* LaunchScreen.storyboard */,
				4ED56DFB2021B7D000A45CAB /* Info.plist */,
			);
			path = "All-Time";
			sourceTree = "<group>";
		};
/* End PBXGroup section */

/* Begin PBXNativeTarget section */
		4ED56DEB2021B7D000A45CAB /* All-Time */ = {
			isa = PBXNativeTarget;
			buildConfigurationList = 4ED56DFE2021B7D000A45CAB /* Build configuration list for PBXNativeTarget "All-Time" */;
			buildPhases = (
				4ED56DE82021B7D000A45CAB /* Sources */,
				4ED56DE92021B7D000A45CAB /* Frameworks */,
				4ED56DEA2021B7D000A45CAB /* Resources */,
			);
			buildRules = (
			);
			dependencies = (
			);
			name = "All-Time";
			productName = "All-Time";
			productReference = 4ED56DEC2021B7D000A45CAB /* All-Time.app */;
			productType = "com.apple.product-type.application";
		};
/* End PBXNativeTarget section */

/* Begin PBXProject section */
		4ED56DE42021B7D000A45CAB /* Project object */ = {
			isa = PBXProject;
			attributes = {
				LastSwiftUpdateCheck = 0900;
				LastUpgradeCheck = 0900;
				ORGANIZATIONNAME = "Sang Saephan";
				TargetAttributes = {
					4ED56DEB2021B7D000A45CAB = {
						CreatedOnToolsVersion = 9.0;
						ProvisioningStyle = Automatic;
					};
				};
			};
			buildConfigurationList = 4ED56DE72021B7D000A45CAB /* Build configuration list for PBXProject "All-Time" */;
			compatibilityVersion = "Xcode 8.0";
			developmentRegion = en;
			hasScannedForEncodings = 0;
			knownRegions = (
				en,
				Base,
			);
			mainGroup = 4ED56DE32021B7D000A45CAB;
			productRefGroup = 4ED56DED2021B7D000A45CAB /* Products */;
			projectDirPath = "";
			projectRoot = "";
			targets = (
				4ED56DEB2021B7D000A45CAB /* All-Time */,
			);
		};
/* End PBXProject section */

/* Begin PBXResourcesBuildPhase section */
		4ED56DEA2021B7D000A45CAB /* Resources */ = {
			isa = PBXResourcesBuildPhase;
			buildActionMask = 2147483647;
			files = (
				4ED56DFA2021B7D000A45CAB /* LaunchScreen.storyboard in Resources */,
				4ED56DF72021B7D000A45CAB /* Assets.xcassets in Resources */,
				4ED56DF52021B7D000A45CAB /* Main.storyboard in Resources */,
			);
			runOnlyForDeploymentPostprocessing = 0;
		};
/* End PBXResourcesBuildPhase section */

/* Begin PBXSourcesBuildPhase section */
		4ED56DE82021B7D000A45CAB /* Sources */ = {
			isa = PBXSourcesBuildPhase;
			buildActionMask = 2147483647;
			files = (
				4ED29FBB20244FB0006BF27B /* NbaCategoriesViewController.swift in Sources */,
				4ED56DF22021B7D000A45CAB /* ViewController.swift in Sources */,
				4ED29FC1202638FC006BF27B /* NflCell.swift in Sources */,
				4ED29FBF202633D3006BF27B /* NflCategoriesViewController.swift in Sources */,
				4ED29FB520243E31006BF27B /* NbaViewController.swift in Sources */,
				4ED56DF02021B7D000A45CAB /* AppDelegate.swift in Sources */,
				4ED29FB720243E3C006BF27B /* NflViewController.swift in Sources */,
				4ED29FB920244105006BF27B /* NbaCell.swift in Sources */,
			);
			runOnlyForDeploymentPostprocessing = 0;
		};
/* End PBXSourcesBuildPhase section */

/* Begin PBXVariantGroup section */
		4ED56DF32021B7D000A45CAB /* Main.storyboard */ = {
			isa = PBXVariantGroup;
			children = (
				4ED56DF42021B7D000A45CAB /* Base */,
			);
			name = Main.storyboard;
			sourceTree = "<group>";
		};
		4ED56DF82021B7D000A45CAB /* LaunchScreen.storyboard */ = {
			isa = PBXVariantGroup;
			children = (
				4ED56DF92021B7D000A45CAB /* Base */,
			);
			name = LaunchScreen.storyboard;
			sourceTree = "<group>";
		};
/* End PBXVariantGroup section */

/* Begin XCBuildConfiguration section */
		4ED56DFC2021B7D000A45CAB /* Debug */ = {
			isa = XCBuildConfiguration;
			buildSettings = {
				ALWAYS_SEARCH_USER_PATHS = NO;
				CLANG_ANALYZER_NONNULL = YES;
				CLANG_ANALYZER_NUMBER_OBJECT_CONVERSION = YES_AGGRESSIVE;
				CLANG_CXX_LANGUAGE_STANDARD = "gnu++14";
				CLANG_CXX_LIBRARY = "libc++";
				CLANG_ENABLE_MODULES = YES;
				CLANG_ENABLE_OBJC_ARC = YES;
				CLANG_WARN_BLOCK_CAPTURE_AUTORELEASING = YES;
				CLANG_WARN_BOOL_CONVERSION = YES;
				CLANG_WARN_COMMA = YES;
				CLANG_WARN_CONSTANT_CONVERSION = YES;
				CLANG_WARN_DIRECT_OBJC_ISA_USAGE = YES_ERROR;
				CLANG_WARN_DOCUMENTATION_COMMENTS = YES;
				CLANG_WARN_EMPTY_BODY = YES;
				CLANG_WARN_ENUM_CONVERSION = YES;
				CLANG_WARN_INFINITE_RECURSION = YES;
				CLANG_WARN_INT_CONVERSION = YES;
				CLANG_WARN_NON_LITERAL_NULL_CONVERSION = YES;
				CLANG_WARN_OBJC_LITERAL_CONVERSION = YES;
				CLANG_WARN_OBJC_ROOT_CLASS = YES_ERROR;
				CLANG_WARN_RANGE_LOOP_ANALYSIS = YES;
				CLANG_WARN_STRICT_PROTOTYPES = YES;
				CLANG_WARN_SUSPICIOUS_MOVE = YES;
				CLANG_WARN_UNGUARDED_AVAILABILITY = YES_AGGRESSIVE;
				CLANG_WARN_UNREACHABLE_CODE = YES;
				CLANG_WARN__DUPLICATE_METHOD_MATCH = YES;
				CODE_SIGN_IDENTITY = "iPhone Developer";
				COPY_PHASE_STRIP = NO;
				DEBUG_INFORMATION_FORMAT = dwarf;
				ENABLE_STRICT_OBJC_MSGSEND = YES;
				ENABLE_TESTABILITY = YES;
				GCC_C_LANGUAGE_STANDARD = gnu11;
				GCC_DYNAMIC_NO_PIC = NO;
				GCC_NO_COMMON_BLOCKS = YES;
				GCC_OPTIMIZATION_LEVEL = 0;
				GCC_PREPROCESSOR_DEFINITIONS = (
					"DEBUG=1",
					"$(inherited)",
				);
				GCC_WARN_64_TO_32_BIT_CONVERSION = YES;
				GCC_WARN_ABOUT_RETURN_TYPE = YES_ERROR;
				GCC_WARN_UNDECLARED_SELECTOR = YES;
				GCC_WARN_UNINITIALIZED_AUTOS = YES_AGGRESSIVE;
				GCC_WARN_UNUSED_FUNCTION = YES;
				GCC_WARN_UNUSED_VARIABLE = YES;
				IPHONEOS_DEPLOYMENT_TARGET = 11.0;
				MTL_ENABLE_DEBUG_INFO = YES;
				ONLY_ACTIVE_ARCH = YES;
				SDKROOT = iphoneos;
				SWIFT_ACTIVE_COMPILATION_CONDITIONS = DEBUG;
				SWIFT_OPTIMIZATION_LEVEL = "-Onone";
			};
			name = Debug;
		};
		4ED56DFD2021B7D000A45CAB /* Release */ = {
			isa = XCBuildConfiguration;
			buildSettings = {
				ALWAYS_SEARCH_USER_PATHS = NO;
				CLANG_ANALYZER_NONNULL = YES;
				CLANG_ANALYZER_NUMBER_OBJECT_CONVERSION = YES_AGGRESSIVE;
				CLANG_CXX_LANGUAGE_STANDARD = "gnu++14";
				CLANG_CXX_LIBRARY = "libc++";
				CLANG_ENABLE_MODULES = YES;
				CLANG_ENABLE_OBJC_ARC = YES;
				CLANG_WARN_BLOCK_CAPTURE_AUTORELEASING = YES;
				CLANG_WARN_BOOL_CONVERSION = YES;
				CLANG_WARN_COMMA = YES;
				CLANG_WARN_CONSTANT_CONVERSION = YES;
				CLANG_WARN_DIRECT_OBJC_ISA_USAGE = YES_ERROR;
				CLANG_WARN_DOCUMENTATION_COMMENTS = YES;
				CLANG_WARN_EMPTY_BODY = YES;
				CLANG_WARN_ENUM_CONVERSION = YES;
				CLANG_WARN_INFINITE_RECURSION = YES;
				CLANG_WARN_INT_CONVERSION = YES;
				CLANG_WARN_NON_LITERAL_NULL_CONVERSION = YES;
				CLANG_WARN_OBJC_LITERAL_CONVERSION = YES;
				CLANG_WARN_OBJC_ROOT_CLASS = YES_ERROR;
				CLANG_WARN_RANGE_LOOP_ANALYSIS = YES;
				CLANG_WARN_STRICT_PROTOTYPES = YES;
				CLANG_WARN_SUSPICIOUS_MOVE = YES;
				CLANG_WARN_UNGUARDED_AVAILABILITY = YES_AGGRESSIVE;
				CLANG_WARN_UNREACHABLE_CODE = YES;
				CLANG_WARN__DUPLICATE_METHOD_MATCH = YES;
				CODE_SIGN_IDENTITY = "iPhone Developer";
				COPY_PHASE_STRIP = NO;
				DEBUG_INFORMATION_FORMAT = "dwarf-with-dsym";
				ENABLE_NS_ASSERTIONS = NO;
				ENABLE_STRICT_OBJC_MSGSEND = YES;
				GCC_C_LANGUAGE_STANDARD = gnu11;
				GCC_NO_COMMON_BLOCKS = YES;
				GCC_WARN_64_TO_32_BIT_CONVERSION = YES;
				GCC_WARN_ABOUT_RETURN_TYPE = YES_ERROR;
				GCC_WARN_UNDECLARED_SELECTOR = YES;
				GCC_WARN_UNINITIALIZED_AUTOS = YES_AGGRESSIVE;
				GCC_WARN_UNUSED_FUNCTION = YES;
				GCC_WARN_UNUSED_VARIABLE = YES;
				IPHONEOS_DEPLOYMENT_TARGET = 11.0;
				MTL_ENABLE_DEBUG_INFO = NO;
				SDKROOT = iphoneos;
				SWIFT_OPTIMIZATION_LEVEL = "-Owholemodule";
				VALIDATE_PRODUCT = YES;
			};
			name = Release;
		};
		4ED56DFF2021B7D000A45CAB /* Debug */ = {
			isa = XCBuildConfiguration;
			buildSettings = {
				ASSETCATALOG_COMPILER_APPICON_NAME = AppIcon;
				CODE_SIGN_STYLE = Automatic;
				INFOPLIST_FILE = "All-Time/Info.plist";
				LD_RUNPATH_SEARCH_PATHS = "$(inherited) @executable_path/Frameworks";
				PRODUCT_BUNDLE_IDENTIFIER = "com.SangSaephan.All-Time";
				PRODUCT_NAME = "$(TARGET_NAME)";
				SWIFT_VERSION = 4.0;
				TARGETED_DEVICE_FAMILY = "1,2";
			};
			name = Debug;
		};
		4ED56E002021B7D000A45CAB /* Release */ = {
			isa = XCBuildConfiguration;
			buildSettings = {
				ASSETCATALOG_COMPILER_APPICON_NAME = AppIcon;
				CODE_SIGN_STYLE = Automatic;
				INFOPLIST_FILE = "All-Time/Info.plist";
				LD_RUNPATH_SEARCH_PATHS = "$(inherited) @executable_path/Frameworks";
				PRODUCT_BUNDLE_IDENTIFIER = "com.SangSaephan.All-Time";
				PRODUCT_NAME = "$(TARGET_NAME)";
				SWIFT_VERSION = 4.0;
				TARGETED_DEVICE_FAMILY = "1,2";
			};
			name = Release;
		};
/* End XCBuildConfiguration section */

/* Begin XCConfigurationList section */
		4ED56DE72021B7D000A45CAB /* Build configuration list for PBXProject "All-Time" */ = {
			isa = XCConfigurationList;
			buildConfigurations = (
				4ED56DFC2021B7D000A45CAB /* Debug */,
				4ED56DFD2021B7D000A45CAB /* Release */,
			);
			defaultConfigurationIsVisible = 0;
			defaultConfigurationName = Release;
		};
		4ED56DFE2021B7D000A45CAB /* Build configuration list for PBXNativeTarget "All-Time" */ = {
			isa = XCConfigurationList;
			buildConfigurations = (
				4ED56DFF2021B7D000A45CAB /* Debug */,
				4ED56E002021B7D000A45CAB /* Release */,
			);
			defaultConfigurationIsVisible = 0;
			defaultConfigurationName = Release;
		};
/* End XCConfigurationList section */
	};
	rootObject = 4ED56DE42021B7D000A45CAB /* Project object */;
}
